
Microsoft Visual Studio Solution File, Format Version 12.00
# Visual Studio Version 17
VisualStudioVersion = 17.9.34728.123
MinimumVisualStudioVersion = 10.0.40219.1
Project("{FAE04EC0-301F-11D3-BF4B-00C04F79EFBC}") = "ConstructionManagementPresentation", "ConstructionManagementPresentation\ConstructionManagementPresentation.csproj", "{B68EEA28-2496-4299-ADC9-64E8B4FD149B}"
EndProject
Global
	GlobalSection(SolutionConfigurationPlatforms) = preSolution
		Debug|Any CPU = Debug|Any CPU
		Release|Any CPU = Release|Any CPU
	EndGlobalSection
	GlobalSection(ProjectConfigurationPlatforms) = postSolution
		{B68EEA28-2496-4299-ADC9-64E8B4FD149B}.Debug|Any CPU.ActiveCfg = Debug|Any CPU
		{B68EEA28-2496-4299-ADC9-64E8B4FD149B}.Debug|Any CPU.Build.0 = Debug|Any CPU
		{B68EEA28-2496-4299-ADC9-64E8B4FD149B}.Release|Any CPU.ActiveCfg = Release|Any CPU
		{B68EEA28-2496-4299-ADC9-64E8B4FD149B}.Release|Any CPU.Build.0 = Release|Any CPU
	EndGlobalSection
	GlobalSection(SolutionProperties) = preSolution
		HideSolutionNode = FALSE
	EndGlobalSection
	GlobalSection(ExtensibilityGlobals) = postSolution
		SolutionGuid = {DF19DD37-8959-454A-8C21-6CAB24266108}
	EndGlobalSection
EndGlobal
